
Microsoft Visual Studio Solution File, Format Version 12.00
# Visual Studio Version 16
VisualStudioVersion = 16.0.31515.178
MinimumVisualStudioVersion = 10.0.40219.1
Project("{FAE04EC0-301F-11D3-BF4B-00C04F79EFBC}") = "PdfToDrawio", "PdfToDrawio\PdfToDrawio.csproj", "{976FFAC5-8BB8-4A33-9B95-C7CCBB3809FB}"
EndProject
Project("{FAE04EC0-301F-11D3-BF4B-00C04F79EFBC}") = "PdfToDrawioTests", "PdfToDrawioTests\PdfToDrawioTests.csproj", "{FF8943B5-21F7-4704-8F94-11ECCDEF1608}"
EndProject
Global
	GlobalSection(SolutionConfigurationPlatforms) = preSolution
		Debug|Any CPU = Debug|Any CPU
		Release|Any CPU = Release|Any CPU
	EndGlobalSection
	GlobalSection(ProjectConfigurationPlatforms) = postSolution
		{976FFAC5-8BB8-4A33-9B95-C7CCBB3809FB}.Debug|Any CPU.ActiveCfg = Debug|Any CPU
		{976FFAC5-8BB8-4A33-9B95-C7CCBB3809FB}.Debug|Any CPU.Build.0 = Debug|Any CPU
		{976FFAC5-8BB8-4A33-9B95-C7CCBB3809FB}.Release|Any CPU.ActiveCfg = Release|Any CPU
		{976FFAC5-8BB8-4A33-9B95-C7CCBB3809FB}.Release|Any CPU.Build.0 = Release|Any CPU
		{FF8943B5-21F7-4704-8F94-11ECCDEF1608}.Debug|Any CPU.ActiveCfg = Debug|Any CPU
		{FF8943B5-21F7-4704-8F94-11ECCDEF1608}.Debug|Any CPU.Build.0 = Debug|Any CPU
		{FF8943B5-21F7-4704-8F94-11ECCDEF1608}.Release|Any CPU.ActiveCfg = Release|Any CPU
		{FF8943B5-21F7-4704-8F94-11ECCDEF1608}.Release|Any CPU.Build.0 = Release|Any CPU
	EndGlobalSection
	GlobalSection(SolutionProperties) = preSolution
		HideSolutionNode = FALSE
	EndGlobalSection
	GlobalSection(ExtensibilityGlobals) = postSolution
		SolutionGuid = {83442B86-7724-4F43-81FC-B0A8C4A286E9}
	EndGlobalSection
EndGlobal
